version = 1
revision = 3
requires-python = ">=3.12.2"

[[package]]
name = "learn-python"
version = "0.1.0"
source = { virtual = "." }
dependencies = [
    { name = "readchar" },
]

[package.metadata]
requires-dist = [{ name = "readchar", specifier = ">=4.2.2" }]

[[package]]
name = "readchar"
version = "4.2.2"
source = { registry = "https://pypi.org/simple" }
sdist = { url = "https://files.pythonhosted.org/packages/ed/49/a10341024c45bed95d13197ec9ef0f4e2fd10b5ca6e7f8d7684d18082398/readchar-4.2.2.tar.gz", hash = "sha256:e3b270fe16fc90c50ac79107700330a133dd4c63d22939f5b03b4f24564d5dd8", size = 9762, upload-time = "2026-04-06T19:45:54.226Z" }
wheels = [
    { url = "https://files.pythonhosted.org/packages/3d/ca/36133653e00939922dd1416f4c56177361289172a30563fcb9552c9ccde4/readchar-4.2.2-py3-none-any.whl", hash = "sha256:92daf7e42c52b0787e6c75d01ecfb9a94f4ceff3764958b570c1dddedd47b200", size = 9401, upload-time = "2026-04-06T19:45:52.993Z" },
]
